
Microsoft Visual Studio Solution File, Format Version 12.00
# Visual Studio Version 17
VisualStudioVersion = 17.7.34221.43
MinimumVisualStudioVersion = 10.0.40219.1
Project("{FAE04EC0-301F-11D3-BF4B-00C04F79EFBC}") = "BikesApp", "BikesApp\BikesApp.csproj", "{941966D0-1BEC-42F0-9EAC-11901032ED79}"
EndProject
Project("{FAE04EC0-301F-11D3-BF4B-00C04F79EFBC}") = "BikesApp.Core", "BikesApp.Core\BikesApp.Core.csproj", "{32BB4800-F541-456B-ABA1-6B02061B11CA}"
EndProject
Project("{FAE04EC0-301F-11D3-BF4B-00C04F79EFBC}") = "BikesApp.Interfaces", "BikesApp.Interfaces\BikesApp.Interfaces.csproj", "{B2F2F2F9-E86B-44C3-8118-CE21AD01AA16}"
EndProject
Project("{FAE04EC0-301F-11D3-BF4B-00C04F79EFBC}") = "BikesApp.DAOMock1", "BikesApp.DAOMock1\BikesApp.DAOMock1.csproj", "{371CFFF7-5C39-4458-BA75-FBC3FEE323A8}"
EndProject
Project("{FAE04EC0-301F-11D3-BF4B-00C04F79EFBC}") = "BikesApp.BLC", "BikesApp.BLC\BikesApp.BLC.csproj", "{AEF94AA2-43E8-4DB5-8C8C-48790B76420D}"
EndProject
Project("{FAE04EC0-301F-11D3-BF4B-00C04F79EFBC}") = "BikesApp.DAOMock2", "BikesApp.DAOMock2\BikesApp.DAOMock2.csproj", "{02AA76EF-3AE6-42AA-96EE-2A31F54EA5D5}"
EndProject
Global
	GlobalSection(SolutionConfigurationPlatforms) = preSolution
		Debug|Any CPU = Debug|Any CPU
		Release|Any CPU = Release|Any CPU
	EndGlobalSection
	GlobalSection(ProjectConfigurationPlatforms) = postSolution
		{941966D0-1BEC-42F0-9EAC-11901032ED79}.Debug|Any CPU.ActiveCfg = Debug|Any CPU
		{941966D0-1BEC-42F0-9EAC-11901032ED79}.Debug|Any CPU.Build.0 = Debug|Any CPU
		{941966D0-1BEC-42F0-9EAC-11901032ED79}.Release|Any CPU.ActiveCfg = Release|Any CPU
		{941966D0-1BEC-42F0-9EAC-11901032ED79}.Release|Any CPU.Build.0 = Release|Any CPU
		{32BB4800-F541-456B-ABA1-6B02061B11CA}.Debug|Any CPU.ActiveCfg = Debug|Any CPU
		{32BB4800-F541-456B-ABA1-6B02061B11CA}.Debug|Any CPU.Build.0 = Debug|Any CPU
		{32BB4800-F541-456B-ABA1-6B02061B11CA}.Release|Any CPU.ActiveCfg = Release|Any CPU
		{32BB4800-F541-456B-ABA1-6B02061B11CA}.Release|Any CPU.Build.0 = Release|Any CPU
		{B2F2F2F9-E86B-44C3-8118-CE21AD01AA16}.Debug|Any CPU.ActiveCfg = Debug|Any CPU
		{B2F2F2F9-E86B-44C3-8118-CE21AD01AA16}.Debug|Any CPU.Build.0 = Debug|Any CPU
		{B2F2F2F9-E86B-44C3-8118-CE21AD01AA16}.Release|Any CPU.ActiveCfg = Release|Any CPU
		{B2F2F2F9-E86B-44C3-8118-CE21AD01AA16}.Release|Any CPU.Build.0 = Release|Any CPU
		{371CFFF7-5C39-4458-BA75-FBC3FEE323A8}.Debug|Any CPU.ActiveCfg = Debug|Any CPU
		{371CFFF7-5C39-4458-BA75-FBC3FEE323A8}.Debug|Any CPU.Build.0 = Debug|Any CPU
		{371CFFF7-5C39-4458-BA75-FBC3FEE323A8}.Release|Any CPU.ActiveCfg = Release|Any CPU
		{371CFFF7-5C39-4458-BA75-FBC3FEE323A8}.Release|Any CPU.Build.0 = Release|Any CPU
		{AEF94AA2-43E8-4DB5-8C8C-48790B76420D}.Debug|Any CPU.ActiveCfg = Debug|Any CPU
		{AEF94AA2-43E8-4DB5-8C8C-48790B76420D}.Debug|Any CPU.Build.0 = Debug|Any CPU
		{AEF94AA2-43E8-4DB5-8C8C-48790B76420D}.Release|Any CPU.ActiveCfg = Release|Any CPU
		{AEF94AA2-43E8-4DB5-8C8C-48790B76420D}.Release|Any CPU.Build.0 = Release|Any CPU
		{02AA76EF-3AE6-42AA-96EE-2A31F54EA5D5}.Debug|Any CPU.ActiveCfg = Debug|Any CPU
		{02AA76EF-3AE6-42AA-96EE-2A31F54EA5D5}.Debug|Any CPU.Build.0 = Debug|Any CPU
		{02AA76EF-3AE6-42AA-96EE-2A31F54EA5D5}.Release|Any CPU.ActiveCfg = Release|Any CPU
		{02AA76EF-3AE6-42AA-96EE-2A31F54EA5D5}.Release|Any CPU.Build.0 = Release|Any CPU
	EndGlobalSection
	GlobalSection(SolutionProperties) = preSolution
		HideSolutionNode = FALSE
	EndGlobalSection
	GlobalSection(ExtensibilityGlobals) = postSolution
		SolutionGuid = {57662BB1-6046-4338-90A7-45C5CB078488}
	EndGlobalSection
EndGlobal
